// !$*UTF8*$!
{
	archiveVersion = 1;
	classes = {
	};
	objectVersion = 56;
	objects = {

/* Begin PBXBuildFile section */
		30640BF829B2D36100981D3C /* MyProfile.swift in Sources */ = {isa = PBXBuildFile; fileRef = 30640BF729B2D36100981D3C /* MyProfile.swift */; };
		30640BFA29B2E41800981D3C /* TestSheet.swift in Sources */ = {isa = PBXBuildFile; fileRef = 30640BF929B2E41800981D3C /* TestSheet.swift */; };
		30640BFC29B2EEFE00981D3C /* Start.swift in Sources */ = {isa = PBXBuildFile; fileRef = 30640BFB29B2EEFE00981D3C /* Start.swift */; };
		30640BFE29B2EF9F00981D3C /* EnterEmail.swift in Sources */ = {isa = PBXBuildFile; fileRef = 30640BFD29B2EF9F00981D3C /* EnterEmail.swift */; };
		30640C0029B2EFD800981D3C /* CheckEmail.swift in Sources */ = {isa = PBXBuildFile; fileRef = 30640BFF29B2EFD800981D3C /* CheckEmail.swift */; };
		30640C0429B313CE00981D3C /* RequestEmailLinkVM.swift in Sources */ = {isa = PBXBuildFile; fileRef = 30640C0329B313CE00981D3C /* RequestEmailLinkVM.swift */; };
		30640C0729B316F900981D3C /* FirebaseAnalytics in Frameworks */ = {isa = PBXBuildFile; productRef = 30640C0629B316F900981D3C /* FirebaseAnalytics */; };
		30640C0929B316F900981D3C /* FirebaseAnalyticsOnDeviceConversion in Frameworks */ = {isa = PBXBuildFile; productRef = 30640C0829B316F900981D3C /* FirebaseAnalyticsOnDeviceConversion */; };
		30640C0B29B316F900981D3C /* FirebaseAnalyticsSwift in Frameworks */ = {isa = PBXBuildFile; productRef = 30640C0A29B316F900981D3C /* FirebaseAnalyticsSwift */; };
		30640C0D29B316F900981D3C /* FirebaseAnalyticsWithoutAdIdSupport in Frameworks */ = {isa = PBXBuildFile; productRef = 30640C0C29B316F900981D3C /* FirebaseAnalyticsWithoutAdIdSupport */; };
		30640C0F29B316F900981D3C /* FirebaseAppCheck in Frameworks */ = {isa = PBXBuildFile; productRef = 30640C0E29B316F900981D3C /* FirebaseAppCheck */; };
		30640C1129B316F900981D3C /* FirebaseAppDistribution-Beta in Frameworks */ = {isa = PBXBuildFile; productRef = 30640C1029B316F900981D3C /* FirebaseAppDistribution-Beta */; };
		30640C1329B316F900981D3C /* FirebaseAuth in Frameworks */ = {isa = PBXBuildFile; productRef = 30640C1229B316F900981D3C /* FirebaseAuth */; };
		30640C1529B316F900981D3C /* FirebaseAuthCombine-Community in Frameworks */ = {isa = PBXBuildFile; productRef = 30640C1429B316F900981D3C /* FirebaseAuthCombine-Community */; };
		30640C1729B316F900981D3C /* FirebaseCrashlytics in Frameworks */ = {isa = PBXBuildFile; productRef = 30640C1629B316F900981D3C /* FirebaseCrashlytics */; };
		30640C1929B316F900981D3C /* FirebaseDynamicLinks in Frameworks */ = {isa = PBXBuildFile; productRef = 30640C1829B316F900981D3C /* FirebaseDynamicLinks */; };
		30640C1B29B316F900981D3C /* FirebaseFirestore in Frameworks */ = {isa = PBXBuildFile; productRef = 30640C1A29B316F900981D3C /* FirebaseFirestore */; };
		30640C1D29B316F900981D3C /* FirebaseFirestoreCombine-Community in Frameworks */ = {isa = PBXBuildFile; productRef = 30640C1C29B316F900981D3C /* FirebaseFirestoreCombine-Community */; };
		30640C1F29B316F900981D3C /* FirebaseFirestoreSwift in Frameworks */ = {isa = PBXBuildFile; productRef = 30640C1E29B316F900981D3C /* FirebaseFirestoreSwift */; };
		30640C2129B316F900981D3C /* FirebaseFunctions in Frameworks */ = {isa = PBXBuildFile; productRef = 30640C2029B316F900981D3C /* FirebaseFunctions */; };
		30640C2329B316F900981D3C /* FirebaseFunctionsCombine-Community in Frameworks */ = {isa = PBXBuildFile; productRef = 30640C2229B316F900981D3C /* FirebaseFunctionsCombine-Community */; };
		30640C2529B316F900981D3C /* FirebaseInAppMessaging-Beta in Frameworks */ = {isa = PBXBuildFile; productRef = 30640C2429B316F900981D3C /* FirebaseInAppMessaging-Beta */; };
		30640C2729B316F900981D3C /* FirebaseInAppMessagingSwift-Beta in Frameworks */ = {isa = PBXBuildFile; productRef = 30640C2629B316F900981D3C /* FirebaseInAppMessagingSwift-Beta */; };
		30640C2929B316F900981D3C /* FirebaseInstallations in Frameworks */ = {isa = PBXBuildFile; productRef = 30640C2829B316F900981D3C /* FirebaseInstallations */; };
		30640C2B29B316F900981D3C /* FirebaseMessaging in Frameworks */ = {isa = PBXBuildFile; productRef = 30640C2A29B316F900981D3C /* FirebaseMessaging */; };
		30640C2D29B316F900981D3C /* FirebasePerformance in Frameworks */ = {isa = PBXBuildFile; productRef = 30640C2C29B316F900981D3C /* FirebasePerformance */; };
		30640C2F29B316F900981D3C /* FirebaseRemoteConfig in Frameworks */ = {isa = PBXBuildFile; productRef = 30640C2E29B316F900981D3C /* FirebaseRemoteConfig */; };
		30640C3129B316F900981D3C /* FirebaseRemoteConfigSwift in Frameworks */ = {isa = PBXBuildFile; productRef = 30640C3029B316F900981D3C /* FirebaseRemoteConfigSwift */; };
		30640C3329B316F900981D3C /* FirebaseStorage in Frameworks */ = {isa = PBXBuildFile; productRef = 30640C3229B316F900981D3C /* FirebaseStorage */; };
		30640C3529B316F900981D3C /* FirebaseStorageCombine-Community in Frameworks */ = {isa = PBXBuildFile; productRef = 30640C3429B316F900981D3C /* FirebaseStorageCombine-Community */; };
		30FB5DEB29A7E20900020C9A /* SwearByApp.swift in Sources */ = {isa = PBXBuildFile; fileRef = 30FB5DEA29A7E20900020C9A /* SwearByApp.swift */; };
		30FB5DED29A7E20900020C9A /* ContentView.swift in Sources */ = {isa = PBXBuildFile; fileRef = 30FB5DEC29A7E20900020C9A /* ContentView.swift */; };
		30FB5DEF29A7E20B00020C9A /* Assets.xcassets in Resources */ = {isa = PBXBuildFile; fileRef = 30FB5DEE29A7E20B00020C9A /* Assets.xcassets */; };
		30FB5DF229A7E20B00020C9A /* Preview Assets.xcassets in Resources */ = {isa = PBXBuildFile; fileRef = 30FB5DF129A7E20B00020C9A /* Preview Assets.xcassets */; };
		30FB5DFC29A7E20B00020C9A /* SwearByTests.swift in Sources */ = {isa = PBXBuildFile; fileRef = 30FB5DFB29A7E20B00020C9A /* SwearByTests.swift */; };
		30FB5E0629A7E20B00020C9A /* SwearByUITests.swift in Sources */ = {isa = PBXBuildFile; fileRef = 30FB5E0529A7E20B00020C9A /* SwearByUITests.swift */; };
		30FB5E0829A7E20B00020C9A /* SwearByUITestsLaunchTests.swift in Sources */ = {isa = PBXBuildFile; fileRef = 30FB5E0729A7E20B00020C9A /* SwearByUITestsLaunchTests.swift */; };
		30FB5E1629A8582300020C9A /* SDWebImageSwiftUI in Frameworks */ = {isa = PBXBuildFile; productRef = 30FB5E1529A8582300020C9A /* SDWebImageSwiftUI */; };
		30FB5E3C29A85FC600020C9A /* TabRouter.swift in Sources */ = {isa = PBXBuildFile; fileRef = 30FB5E3B29A85FC600020C9A /* TabRouter.swift */; };
		30FB5E3E29A85FFF00020C9A /* Home.swift in Sources */ = {isa = PBXBuildFile; fileRef = 30FB5E3D29A85FFF00020C9A /* Home.swift */; };
		30FB5E4029A8600500020C9A /* Profile.swift in Sources */ = {isa = PBXBuildFile; fileRef = 30FB5E3F29A8600500020C9A /* Profile.swift */; };
		30FB5E4229A8603700020C9A /* UsersVM.swift in Sources */ = {isa = PBXBuildFile; fileRef = 30FB5E4129A8603700020C9A /* UsersVM.swift */; };
		30FB5E4429A8605E00020C9A /* Users.swift in Sources */ = {isa = PBXBuildFile; fileRef = 30FB5E4329A8605E00020C9A /* Users.swift */; };
		30FB5E4629A861BD00020C9A /* DataManager.swift in Sources */ = {isa = PBXBuildFile; fileRef = 30FB5E4529A861BD00020C9A /* DataManager.swift */; };
		30FB5E4B29A87F8400020C9A /* PostView.swift in Sources */ = {isa = PBXBuildFile; fileRef = 30FB5E4A29A87F8400020C9A /* PostView.swift */; };
		30FB5E4D29A87FBD00020C9A /* PostStruct.swift in Sources */ = {isa = PBXBuildFile; fileRef = 30FB5E4C29A87FBD00020C9A /* PostStruct.swift */; };
		30FB5E4F29A9568A00020C9A /* AppViewModel.swift in Sources */ = {isa = PBXBuildFile; fileRef = 30FB5E4E29A9568A00020C9A /* AppViewModel.swift */; };
		30FB5E5129A95CF500020C9A /* GoogleService-Info.plist in Resources */ = {isa = PBXBuildFile; fileRef = 30FB5E5029A95CF500020C9A /* GoogleService-Info.plist */; };
		30FB5E5329AA72D800020C9A /* Posts.swift in Sources */ = {isa = PBXBuildFile; fileRef = 30FB5E5229AA72D800020C9A /* Posts.swift */; };
		30FB5E5529AA736500020C9A /* Purchases.swift in Sources */ = {isa = PBXBuildFile; fileRef = 30FB5E5429AA736500020C9A /* Purchases.swift */; };
		30FB5E5729AA73D400020C9A /* Products.swift in Sources */ = {isa = PBXBuildFile; fileRef = 30FB5E5629AA73D400020C9A /* Products.swift */; };
		30FB5E5929AA742100020C9A /* Brands.swift in Sources */ = {isa = PBXBuildFile; fileRef = 30FB5E5829AA742100020C9A /* Brands.swift */; };
		30FB5E5B29AA7C7800020C9A /* PostsVM.swift in Sources */ = {isa = PBXBuildFile; fileRef = 30FB5E5A29AA7C7800020C9A /* PostsVM.swift */; };
		30FB5E5D29AAAAB700020C9A /* ItemHalfSheet.swift in Sources */ = {isa = PBXBuildFile; fileRef = 30FB5E5C29AAAAB700020C9A /* ItemHalfSheet.swift */; };
		30FB5E5F29AAACA400020C9A /* PurchasesVM.swift in Sources */ = {isa = PBXBuildFile; fileRef = 30FB5E5E29AAACA400020C9A /* PurchasesVM.swift */; };
		30FB5E6129AAB0D700020C9A /* BrandsVM.swift in Sources */ = {isa = PBXBuildFile; fileRef = 30FB5E6029AAB0D700020C9A /* BrandsVM.swift */; };
		30FB5E6329AAB10A00020C9A /* ProductsVM.swift in Sources */ = {isa = PBXBuildFile; fileRef = 30FB5E6229AAB10A00020C9A /* ProductsVM.swift */; };
/* End PBXBuildFile section */

/* Begin PBXContainerItemProxy section */
		30FB5DF829A7E20B00020C9A /* PBXContainerItemProxy */ = {
			isa = PBXContainerItemProxy;
			containerPortal = 30FB5DDF29A7E20900020C9A /* Project object */;
			proxyType = 1;
			remoteGlobalIDString = 30FB5DE629A7E20900020C9A;
			remoteInfo = SwearBy;
		};
		30FB5E0229A7E20B00020C9A /* PBXContainerItemProxy */ = {
			isa = PBXContainerItemProxy;
			containerPortal = 30FB5DDF29A7E20900020C9A /* Project object */;
			proxyType = 1;
			remoteGlobalIDString = 30FB5DE629A7E20900020C9A;
			remoteInfo = SwearBy;
		};
/* End PBXContainerItemProxy section */

/* Begin PBXFileReference section */
		30640BF729B2D36100981D3C /* MyProfile.swift */ = {isa = PBXFileReference; lastKnownFileType = sourcecode.swift; path = MyProfile.swift; sourceTree = "<group>"; };
		30640BF929B2E41800981D3C /* TestSheet.swift */ = {isa = PBXFileReference; lastKnownFileType = sourcecode.swift; path = TestSheet.swift; sourceTree = "<group>"; };
		30640BFB29B2EEFE00981D3C /* Start.swift */ = {isa = PBXFileReference; lastKnownFileType = sourcecode.swift; path = Start.swift; sourceTree = "<group>"; };
		30640BFD29B2EF9F00981D3C /* EnterEmail.swift */ = {isa = PBXFileReference; lastKnownFileType = sourcecode.swift; path = EnterEmail.swift; sourceTree = "<group>"; };
		30640BFF29B2EFD800981D3C /* CheckEmail.swift */ = {isa = PBXFileReference; lastKnownFileType = sourcecode.swift; path = CheckEmail.swift; sourceTree = "<group>"; };
		30640C0129B30CB400981D3C /* SwearBy.entitlements */ = {isa = PBXFileReference; lastKnownFileType = text.plist.entitlements; path = SwearBy.entitlements; sourceTree = "<group>"; };
		30640C0229B30CF600981D3C /* Info.plist */ = {isa = PBXFileReference; lastKnownFileType = text.plist; path = Info.plist; sourceTree = "<group>"; };
		30640C0329B313CE00981D3C /* RequestEmailLinkVM.swift */ = {isa = PBXFileReference; lastKnownFileType = sourcecode.swift; path = RequestEmailLinkVM.swift; sourceTree = "<group>"; };
		30FB5DE729A7E20900020C9A /* SwearBy.app */ = {isa = PBXFileReference; explicitFileType = wrapper.application; includeInIndex = 0; path = SwearBy.app; sourceTree = BUILT_PRODUCTS_DIR; };
		30FB5DEA29A7E20900020C9A /* SwearByApp.swift */ = {isa = PBXFileReference; lastKnownFileType = sourcecode.swift; path = SwearByApp.swift; sourceTree = "<group>"; };
		30FB5DEC29A7E20900020C9A /* ContentView.swift */ = {isa = PBXFileReference; lastKnownFileType = sourcecode.swift; path = ContentView.swift; sourceTree = "<group>"; };
		30FB5DEE29A7E20B00020C9A /* Assets.xcassets */ = {isa = PBXFileReference; lastKnownFileType = folder.assetcatalog; path = Assets.xcassets; sourceTree = "<group>"; };
		30FB5DF129A7E20B00020C9A /* Preview Assets.xcassets */ = {isa = PBXFileReference; lastKnownFileType = folder.assetcatalog; path = "Preview Assets.xcassets"; sourceTree = "<group>"; };
		30FB5DF729A7E20B00020C9A /* SwearByTests.xctest */ = {isa = PBXFileReference; explicitFileType = wrapper.cfbundle; includeInIndex = 0; path = SwearByTests.xctest; sourceTree = BUILT_PRODUCTS_DIR; };
		30FB5DFB29A7E20B00020C9A /* SwearByTests.swift */ = {isa = PBXFileReference; lastKnownFileType = sourcecode.swift; path = SwearByTests.swift; sourceTree = "<group>"; };
		30FB5E0129A7E20B00020C9A /* SwearByUITests.xctest */ = {isa = PBXFileReference; explicitFileType = wrapper.cfbundle; includeInIndex = 0; path = SwearByUITests.xctest; sourceTree = BUILT_PRODUCTS_DIR; };
		30FB5E0529A7E20B00020C9A /* SwearByUITests.swift */ = {isa = PBXFileReference; lastKnownFileType = sourcecode.swift; path = SwearByUITests.swift; sourceTree = "<group>"; };
		30FB5E0729A7E20B00020C9A /* SwearByUITestsLaunchTests.swift */ = {isa = PBXFileReference; lastKnownFileType = sourcecode.swift; path = SwearByUITestsLaunchTests.swift; sourceTree = "<group>"; };
		30FB5E3B29A85FC600020C9A /* TabRouter.swift */ = {isa = PBXFileReference; lastKnownFileType = sourcecode.swift; path = TabRouter.swift; sourceTree = "<group>"; };
		30FB5E3D29A85FFF00020C9A /* Home.swift */ = {isa = PBXFileReference; lastKnownFileType = sourcecode.swift; path = Home.swift; sourceTree = "<group>"; };
		30FB5E3F29A8600500020C9A /* Profile.swift */ = {isa = PBXFileReference; lastKnownFileType = sourcecode.swift; path = Profile.swift; sourceTree = "<group>"; };
		30FB5E4129A8603700020C9A /* UsersVM.swift */ = {isa = PBXFileReference; lastKnownFileType = sourcecode.swift; path = UsersVM.swift; sourceTree = "<group>"; };
		30FB5E4329A8605E00020C9A /* Users.swift */ = {isa = PBXFileReference; lastKnownFileType = sourcecode.swift; path = Users.swift; sourceTree = "<group>"; };
		30FB5E4529A861BD00020C9A /* DataManager.swift */ = {isa = PBXFileReference; lastKnownFileType = sourcecode.swift; path = DataManager.swift; sourceTree = "<group>"; };
		30FB5E4A29A87F8400020C9A /* PostView.swift */ = {isa = PBXFileReference; lastKnownFileType = sourcecode.swift; path = PostView.swift; sourceTree = "<group>"; };
		30FB5E4C29A87FBD00020C9A /* PostStruct.swift */ = {isa = PBXFileReference; lastKnownFileType = sourcecode.swift; path = PostStruct.swift; sourceTree = "<group>"; };
		30FB5E4E29A9568A00020C9A /* AppViewModel.swift */ = {isa = PBXFileReference; lastKnownFileType = sourcecode.swift; path = AppViewModel.swift; sourceTree = "<group>"; };
		30FB5E5029A95CF500020C9A /* GoogleService-Info.plist */ = {isa = PBXFileReference; fileEncoding = 4; lastKnownFileType = text.plist.xml; path = "GoogleService-Info.plist"; sourceTree = "<group>"; };
		30FB5E5229AA72D800020C9A /* Posts.swift */ = {isa = PBXFileReference; lastKnownFileType = sourcecode.swift; path = Posts.swift; sourceTree = "<group>"; };
		30FB5E5429AA736500020C9A /* Purchases.swift */ = {isa = PBXFileReference; lastKnownFileType = sourcecode.swift; path = Purchases.swift; sourceTree = "<group>"; };
		30FB5E5629AA73D400020C9A /* Products.swift */ = {isa = PBXFileReference; lastKnownFileType = sourcecode.swift; path = Products.swift; sourceTree = "<group>"; };
		30FB5E5829AA742100020C9A /* Brands.swift */ = {isa = PBXFileReference; lastKnownFileType = sourcecode.swift; path = Brands.swift; sourceTree = "<group>"; };
		30FB5E5A29AA7C7800020C9A /* PostsVM.swift */ = {isa = PBXFileReference; lastKnownFileType = sourcecode.swift; path = PostsVM.swift; sourceTree = "<group>"; };
		30FB5E5C29AAAAB700020C9A /* ItemHalfSheet.swift */ = {isa = PBXFileReference; lastKnownFileType = sourcecode.swift; path = ItemHalfSheet.swift; sourceTree = "<group>"; };
		30FB5E5E29AAACA400020C9A /* PurchasesVM.swift */ = {isa = PBXFileReference; lastKnownFileType = sourcecode.swift; path = PurchasesVM.swift; sourceTree = "<group>"; };
		30FB5E6029AAB0D700020C9A /* BrandsVM.swift */ = {isa = PBXFileReference; lastKnownFileType = sourcecode.swift; path = BrandsVM.swift; sourceTree = "<group>"; };
		30FB5E6229AAB10A00020C9A /* ProductsVM.swift */ = {isa = PBXFileReference; lastKnownFileType = sourcecode.swift; path = ProductsVM.swift; sourceTree = "<group>"; };
/* End PBXFileReference section */

/* Begin PBXFrameworksBuildPhase section */
		30FB5DE429A7E20900020C9A /* Frameworks */ = {
			isa = PBXFrameworksBuildPhase;
			buildActionMask = 2147483647;
			files = (
				30640C1D29B316F900981D3C /* FirebaseFirestoreCombine-Community in Frameworks */,
				30640C1129B316F900981D3C /* FirebaseAppDistribution-Beta in Frameworks */,
				30640C1929B316F900981D3C /* FirebaseDynamicLinks in Frameworks */,
				30640C1F29B316F900981D3C /* FirebaseFirestoreSwift in Frameworks */,
				30640C1529B316F900981D3C /* FirebaseAuthCombine-Community in Frameworks */,
				30640C3329B316F900981D3C /* FirebaseStorage in Frameworks */,
				30640C2529B316F900981D3C /* FirebaseInAppMessaging-Beta in Frameworks */,
				30640C0B29B316F900981D3C /* FirebaseAnalyticsSwift in Frameworks */,
				30640C0D29B316F900981D3C /* FirebaseAnalyticsWithoutAdIdSupport in Frameworks */,
				30640C2929B316F900981D3C /* FirebaseInstallations in Frameworks */,
				30640C2329B316F900981D3C /* FirebaseFunctionsCombine-Community in Frameworks */,
				30640C1B29B316F900981D3C /* FirebaseFirestore in Frameworks */,
				30640C2F29B316F900981D3C /* FirebaseRemoteConfig in Frameworks */,
				30640C0729B316F900981D3C /* FirebaseAnalytics in Frameworks */,
				30640C2B29B316F900981D3C /* FirebaseMessaging in Frameworks */,
				30640C0929B316F900981D3C /* FirebaseAnalyticsOnDeviceConversion in Frameworks */,
				30640C2D29B316F900981D3C /* FirebasePerformance in Frameworks */,
				30640C0F29B316F900981D3C /* FirebaseAppCheck in Frameworks */,
				30640C1729B316F900981D3C /* FirebaseCrashlytics in Frameworks */,
				30640C3129B316F900981D3C /* FirebaseRemoteConfigSwift in Frameworks */,
				30640C2129B316F900981D3C /* FirebaseFunctions in Frameworks */,
				30FB5E1629A8582300020C9A /* SDWebImageSwiftUI in Frameworks */,
				30640C3529B316F900981D3C /* FirebaseStorageCombine-Community in Frameworks */,
				30640C2729B316F900981D3C /* FirebaseInAppMessagingSwift-Beta in Frameworks */,
				30640C1329B316F900981D3C /* FirebaseAuth in Frameworks */,
			);
			runOnlyForDeploymentPostprocessing = 0;
		};
		30FB5DF429A7E20B00020C9A /* Frameworks */ = {
			isa = PBXFrameworksBuildPhase;
			buildActionMask = 2147483647;
			files = (
			);
			runOnlyForDeploymentPostprocessing = 0;
		};
		30FB5DFE29A7E20B00020C9A /* Frameworks */ = {
			isa = PBXFrameworksBuildPhase;
			buildActionMask = 2147483647;
			files = (
			);
			runOnlyForDeploymentPostprocessing = 0;
		};
/* End PBXFrameworksBuildPhase section */

/* Begin PBXGroup section */
		30FB5DDE29A7E20900020C9A = {
			isa = PBXGroup;
			children = (
				30FB5DE929A7E20900020C9A /* SwearBy */,
				30FB5DFA29A7E20B00020C9A /* SwearByTests */,
				30FB5E0429A7E20B00020C9A /* SwearByUITests */,
				30FB5DE829A7E20900020C9A /* Products */,
			);
			sourceTree = "<group>";
		};
		30FB5DE829A7E20900020C9A /* Products */ = {
			isa = PBXGroup;
			children = (
				30FB5DE729A7E20900020C9A /* SwearBy.app */,
				30FB5DF729A7E20B00020C9A /* SwearByTests.xctest */,
				30FB5E0129A7E20B00020C9A /* SwearByUITests.xctest */,
			);
			name = Products;
			sourceTree = "<group>";
		};
		30FB5DE929A7E20900020C9A /* SwearBy */ = {
			isa = PBXGroup;
			children = (
				30640C0229B30CF600981D3C /* Info.plist */,
				30640C0129B30CB400981D3C /* SwearBy.entitlements */,
				30FB5E5029A95CF500020C9A /* GoogleService-Info.plist */,
				30FB5DEA29A7E20900020C9A /* SwearByApp.swift */,
				30FB5DEC29A7E20900020C9A /* ContentView.swift */,
				30FB5E4E29A9568A00020C9A /* AppViewModel.swift */,
				30FB5E4929A87F2F00020C9A /* Views */,
				30FB5E4829A87F2A00020C9A /* ViewModels */,
				30FB5E4729A87F2400020C9A /* Models */,
				30FB5DEE29A7E20B00020C9A /* Assets.xcassets */,
				30FB5DF029A7E20B00020C9A /* Preview Content */,
			);
			path = SwearBy;
			sourceTree = "<group>";
		};
		30FB5DF029A7E20B00020C9A /* Preview Content */ = {
			isa = PBXGroup;
			children = (
				30FB5DF129A7E20B00020C9A /* Preview Assets.xcassets */,
			);
			path = "Preview Content";
			sourceTree = "<group>";
		};
		30FB5DFA29A7E20B00020C9A /* SwearByTests */ = {
			isa = PBXGroup;
			children = (
				30FB5DFB29A7E20B00020C9A /* SwearByTests.swift */,
			);
			path = SwearByTests;
			sourceTree = "<group>";
		};
		30FB5E0429A7E20B00020C9A /* SwearByUITests */ = {
			isa = PBXGroup;
			children = (
				30FB5E0529A7E20B00020C9A /* SwearByUITests.swift */,
				30FB5E0729A7E20B00020C9A /* SwearByUITestsLaunchTests.swift */,
			);
			path = SwearByUITests;
			sourceTree = "<group>";
		};
		30FB5E4729A87F2400020C9A /* Models */ = {
			isa = PBXGroup;
			children = (
				30FB5E4329A8605E00020C9A /* Users.swift */,
				30FB5E5229AA72D800020C9A /* Posts.swift */,
				30FB5E5429AA736500020C9A /* Purchases.swift */,
				30FB5E5629AA73D400020C9A /* Products.swift */,
				30FB5E5829AA742100020C9A /* Brands.swift */,
			);
			path = Models;
			sourceTree = "<group>";
		};
		30FB5E4829A87F2A00020C9A /* ViewModels */ = {
			isa = PBXGroup;
			children = (
				30FB5E4529A861BD00020C9A /* DataManager.swift */,
				30FB5E4129A8603700020C9A /* UsersVM.swift */,
				30640C0329B313CE00981D3C /* RequestEmailLinkVM.swift */,
				30FB5E5A29AA7C7800020C9A /* PostsVM.swift */,
				30FB5E5E29AAACA400020C9A /* PurchasesVM.swift */,
				30FB5E6029AAB0D700020C9A /* BrandsVM.swift */,
				30FB5E6229AAB10A00020C9A /* ProductsVM.swift */,
			);
			path = ViewModels;
			sourceTree = "<group>";
		};
		30FB5E4929A87F2F00020C9A /* Views */ = {
			isa = PBXGroup;
			children = (
				30FB5E3B29A85FC600020C9A /* TabRouter.swift */,
				30640BFB29B2EEFE00981D3C /* Start.swift */,
				30640BFD29B2EF9F00981D3C /* EnterEmail.swift */,
				30640BFF29B2EFD800981D3C /* CheckEmail.swift */,
				30FB5E3D29A85FFF00020C9A /* Home.swift */,
				30FB5E3F29A8600500020C9A /* Profile.swift */,
				30640BF729B2D36100981D3C /* MyProfile.swift */,
				30FB5E4A29A87F8400020C9A /* PostView.swift */,
				30FB5E4C29A87FBD00020C9A /* PostStruct.swift */,
				30FB5E5C29AAAAB700020C9A /* ItemHalfSheet.swift */,
				30640BF929B2E41800981D3C /* TestSheet.swift */,
			);
			path = Views;
			sourceTree = "<group>";
		};
/* End PBXGroup section */

/* Begin PBXNativeTarget section */
		30FB5DE629A7E20900020C9A /* SwearBy */ = {
			isa = PBXNativeTarget;
			buildConfigurationList = 30FB5E0B29A7E20B00020C9A /* Build configuration list for PBXNativeTarget "SwearBy" */;
			buildPhases = (
				30FB5DE329A7E20900020C9A /* Sources */,
				30FB5DE429A7E20900020C9A /* Frameworks */,
				30FB5DE529A7E20900020C9A /* Resources */,
			);
			buildRules = (
			);
			dependencies = (
			);
			name = SwearBy;
			packageProductDependencies = (
				30FB5E1529A8582300020C9A /* SDWebImageSwiftUI */,
				30640C0629B316F900981D3C /* FirebaseAnalytics */,
				30640C0829B316F900981D3C /* FirebaseAnalyticsOnDeviceConversion */,
				30640C0A29B316F900981D3C /* FirebaseAnalyticsSwift */,
				30640C0C29B316F900981D3C /* FirebaseAnalyticsWithoutAdIdSupport */,
				30640C0E29B316F900981D3C /* FirebaseAppCheck */,
				30640C1029B316F900981D3C /* FirebaseAppDistribution-Beta */,
				30640C1229B316F900981D3C /* FirebaseAuth */,
				30640C1429B316F900981D3C /* FirebaseAuthCombine-Community */,
				30640C1629B316F900981D3C /* FirebaseCrashlytics */,
				30640C1829B316F900981D3C /* FirebaseDynamicLinks */,
				30640C1A29B316F900981D3C /* FirebaseFirestore */,
				30640C1C29B316F900981D3C /* FirebaseFirestoreCombine-Community */,
				30640C1E29B316F900981D3C /* FirebaseFirestoreSwift */,
				30640C2029B316F900981D3C /* FirebaseFunctions */,
				30640C2229B316F900981D3C /* FirebaseFunctionsCombine-Community */,
				30640C2429B316F900981D3C /* FirebaseInAppMessaging-Beta */,
				30640C2629B316F900981D3C /* FirebaseInAppMessagingSwift-Beta */,
				30640C2829B316F900981D3C /* FirebaseInstallations */,
				30640C2A29B316F900981D3C /* FirebaseMessaging */,
				30640C2C29B316F900981D3C /* FirebasePerformance */,
				30640C2E29B316F900981D3C /* FirebaseRemoteConfig */,
				30640C3029B316F900981D3C /* FirebaseRemoteConfigSwift */,
				30640C3229B316F900981D3C /* FirebaseStorage */,
				30640C3429B316F900981D3C /* FirebaseStorageCombine-Community */,
			);
			productName = SwearBy;
			productReference = 30FB5DE729A7E20900020C9A /* SwearBy.app */;
			productType = "com.apple.product-type.application";
		};
		30FB5DF629A7E20B00020C9A /* SwearByTests */ = {
			isa = PBXNativeTarget;
			buildConfigurationList = 30FB5E0E29A7E20B00020C9A /* Build configuration list for PBXNativeTarget "SwearByTests" */;
			buildPhases = (
				30FB5DF329A7E20B00020C9A /* Sources */,
				30FB5DF429A7E20B00020C9A /* Frameworks */,
				30FB5DF529A7E20B00020C9A /* Resources */,
			);
			buildRules = (
			);
			dependencies = (
				30FB5DF929A7E20B00020C9A /* PBXTargetDependency */,
			);
			name = SwearByTests;
			productName = SwearByTests;
			productReference = 30FB5DF729A7E20B00020C9A /* SwearByTests.xctest */;
			productType = "com.apple.product-type.bundle.unit-test";
		};
		30FB5E0029A7E20B00020C9A /* SwearByUITests */ = {
			isa = PBXNativeTarget;
			buildConfigurationList = 30FB5E1129A7E20B00020C9A /* Build configuration list for PBXNativeTarget "SwearByUITests" */;
			buildPhases = (
				30FB5DFD29A7E20B00020C9A /* Sources */,
				30FB5DFE29A7E20B00020C9A /* Frameworks */,
				30FB5DFF29A7E20B00020C9A /* Resources */,
			);
			buildRules = (
			);
			dependencies = (
				30FB5E0329A7E20B00020C9A /* PBXTargetDependency */,
			);
			name = SwearByUITests;
			productName = SwearByUITests;
			productReference = 30FB5E0129A7E20B00020C9A /* SwearByUITests.xctest */;
			productType = "com.apple.product-type.bundle.ui-testing";
		};
/* End PBXNativeTarget section */

/* Begin PBXProject section */
		30FB5DDF29A7E20900020C9A /* Project object */ = {
			isa = PBXProject;
			attributes = {
				BuildIndependentTargetsInParallel = 1;
				LastSwiftUpdateCheck = 1420;
				LastUpgradeCheck = 1420;
				TargetAttributes = {
					30FB5DE629A7E20900020C9A = {
						CreatedOnToolsVersion = 14.2;
					};
					30FB5DF629A7E20B00020C9A = {
						CreatedOnToolsVersion = 14.2;
						TestTargetID = 30FB5DE629A7E20900020C9A;
					};
					30FB5E0029A7E20B00020C9A = {
						CreatedOnToolsVersion = 14.2;
						TestTargetID = 30FB5DE629A7E20900020C9A;
					};
				};
			};
			buildConfigurationList = 30FB5DE229A7E20900020C9A /* Build configuration list for PBXProject "SwearBy" */;
			compatibilityVersion = "Xcode 14.0";
			developmentRegion = en;
			hasScannedForEncodings = 0;
			knownRegions = (
				en,
				Base,
			);
			mainGroup = 30FB5DDE29A7E20900020C9A;
			packageReferences = (
				30FB5E1429A8582300020C9A /* XCRemoteSwiftPackageReference "SDWebImageSwiftUI" */,
				30640C0529B316F900981D3C /* XCRemoteSwiftPackageReference "firebase-ios-sdk" */,
			);
			productRefGroup = 30FB5DE829A7E20900020C9A /* Products */;
			projectDirPath = "";
			projectRoot = "";
			targets = (
				30FB5DE629A7E20900020C9A /* SwearBy */,
				30FB5DF629A7E20B00020C9A /* SwearByTests */,
				30FB5E0029A7E20B00020C9A /* SwearByUITests */,
			);
		};
/* End PBXProject section */

/* Begin PBXResourcesBuildPhase section */
		30FB5DE529A7E20900020C9A /* Resources */ = {
			isa = PBXResourcesBuildPhase;
			buildActionMask = 2147483647;
			files = (
				30FB5DF229A7E20B00020C9A /* Preview Assets.xcassets in Resources */,
				30FB5DEF29A7E20B00020C9A /* Assets.xcassets in Resources */,
				30FB5E5129A95CF500020C9A /* GoogleService-Info.plist in Resources */,
			);
			runOnlyForDeploymentPostprocessing = 0;
		};
		30FB5DF529A7E20B00020C9A /* Resources */ = {
			isa = PBXResourcesBuildPhase;
			buildActionMask = 2147483647;
			files = (
			);
			runOnlyForDeploymentPostprocessing = 0;
		};
		30FB5DFF29A7E20B00020C9A /* Resources */ = {
			isa = PBXResourcesBuildPhase;
			buildActionMask = 2147483647;
			files = (
			);
			runOnlyForDeploymentPostprocessing = 0;
		};
/* End PBXResourcesBuildPhase section */

/* Begin PBXSourcesBuildPhase section */
		30FB5DE329A7E20900020C9A /* Sources */ = {
			isa = PBXSourcesBuildPhase;
			buildActionMask = 2147483647;
			files = (
				30FB5DED29A7E20900020C9A /* ContentView.swift in Sources */,
				30640BFE29B2EF9F00981D3C /* EnterEmail.swift in Sources */,
				30FB5E4629A861BD00020C9A /* DataManager.swift in Sources */,
				30FB5E4029A8600500020C9A /* Profile.swift in Sources */,
				30FB5E5F29AAACA400020C9A /* PurchasesVM.swift in Sources */,
				30640BF829B2D36100981D3C /* MyProfile.swift in Sources */,
				30640C0029B2EFD800981D3C /* CheckEmail.swift in Sources */,
				30FB5E5729AA73D400020C9A /* Products.swift in Sources */,
				30FB5E5B29AA7C7800020C9A /* PostsVM.swift in Sources */,
				30FB5E5529AA736500020C9A /* Purchases.swift in Sources */,
				30FB5DEB29A7E20900020C9A /* SwearByApp.swift in Sources */,
				30FB5E6129AAB0D700020C9A /* BrandsVM.swift in Sources */,
				30FB5E4D29A87FBD00020C9A /* PostStruct.swift in Sources */,
				30FB5E6329AAB10A00020C9A /* ProductsVM.swift in Sources */,
				30FB5E5929AA742100020C9A /* Brands.swift in Sources */,
				30FB5E3E29A85FFF00020C9A /* Home.swift in Sources */,
				30FB5E3C29A85FC600020C9A /* TabRouter.swift in Sources */,
				30FB5E5329AA72D800020C9A /* Posts.swift in Sources */,
				30FB5E4229A8603700020C9A /* UsersVM.swift in Sources */,
				30FB5E5D29AAAAB700020C9A /* ItemHalfSheet.swift in Sources */,
				30FB5E4F29A9568A00020C9A /* AppViewModel.swift in Sources */,
				30640BFA29B2E41800981D3C /* TestSheet.swift in Sources */,
				30FB5E4B29A87F8400020C9A /* PostView.swift in Sources */,
				30640C0429B313CE00981D3C /* RequestEmailLinkVM.swift in Sources */,
				30640BFC29B2EEFE00981D3C /* Start.swift in Sources */,
				30FB5E4429A8605E00020C9A /* Users.swift in Sources */,
			);
			runOnlyForDeploymentPostprocessing = 0;
		};
		30FB5DF329A7E20B00020C9A /* Sources */ = {
			isa = PBXSourcesBuildPhase;
			buildActionMask = 2147483647;
			files = (
				30FB5DFC29A7E20B00020C9A /* SwearByTests.swift in Sources */,
			);
			runOnlyForDeploymentPostprocessing = 0;
		};
		30FB5DFD29A7E20B00020C9A /* Sources */ = {
			isa = PBXSourcesBuildPhase;
			buildActionMask = 2147483647;
			files = (
				30FB5E0829A7E20B00020C9A /* SwearByUITestsLaunchTests.swift in Sources */,
				30FB5E0629A7E20B00020C9A /* SwearByUITests.swift in Sources */,
			);
			runOnlyForDeploymentPostprocessing = 0;
		};
/* End PBXSourcesBuildPhase section */

/* Begin PBXTargetDependency section */
		30FB5DF929A7E20B00020C9A /* PBXTargetDependency */ = {
			isa = PBXTargetDependency;
			target = 30FB5DE629A7E20900020C9A /* SwearBy */;
			targetProxy = 30FB5DF829A7E20B00020C9A /* PBXContainerItemProxy */;
		};
		30FB5E0329A7E20B00020C9A /* PBXTargetDependency */ = {
			isa = PBXTargetDependency;
			target = 30FB5DE629A7E20900020C9A /* SwearBy */;
			targetProxy = 30FB5E0229A7E20B00020C9A /* PBXContainerItemProxy */;
		};
/* End PBXTargetDependency section */

/* Begin XCBuildConfiguration section */
		30FB5E0929A7E20B00020C9A /* Debug */ = {
			isa = XCBuildConfiguration;
			buildSettings = {
				ALWAYS_SEARCH_USER_PATHS = NO;
				CLANG_ANALYZER_NONNULL = YES;
				CLANG_ANALYZER_NUMBER_OBJECT_CONVERSION = YES_AGGRESSIVE;
				CLANG_CXX_LANGUAGE_STANDARD = "gnu++20";
				CLANG_ENABLE_MODULES = YES;
				CLANG_ENABLE_OBJC_ARC = YES;
				CLANG_ENABLE_OBJC_WEAK = YES;
				CLANG_WARN_BLOCK_CAPTURE_AUTORELEASING = YES;
				CLANG_WARN_BOOL_CONVERSION = YES;
				CLANG_WARN_COMMA = YES;
				CLANG_WARN_CONSTANT_CONVERSION = YES;
				CLANG_WARN_DEPRECATED_OBJC_IMPLEMENTATIONS = YES;
				CLANG_WARN_DIRECT_OBJC_ISA_USAGE = YES_ERROR;
				CLANG_WARN_DOCUMENTATION_COMMENTS = YES;
				CLANG_WARN_EMPTY_BODY = YES;
				CLANG_WARN_ENUM_CONVERSION = YES;
				CLANG_WARN_INFINITE_RECURSION = YES;
				CLANG_WARN_INT_CONVERSION = YES;
				CLANG_WARN_NON_LITERAL_NULL_CONVERSION = YES;
				CLANG_WARN_OBJC_IMPLICIT_RETAIN_SELF = YES;
				CLANG_WARN_OBJC_LITERAL_CONVERSION = YES;
				CLANG_WARN_OBJC_ROOT_CLASS = YES_ERROR;
				CLANG_WARN_QUOTED_INCLUDE_IN_FRAMEWORK_HEADER = YES;
				CLANG_WARN_RANGE_LOOP_ANALYSIS = YES;
				CLANG_WARN_STRICT_PROTOTYPES = YES;
				CLANG_WARN_SUSPICIOUS_MOVE = YES;
				CLANG_WARN_UNGUARDED_AVAILABILITY = YES_AGGRESSIVE;
				CLANG_WARN_UNREACHABLE_CODE = YES;
				CLANG_WARN__DUPLICATE_METHOD_MATCH = YES;
				COPY_PHASE_STRIP = NO;
				DEBUG_INFORMATION_FORMAT = dwarf;
				ENABLE_STRICT_OBJC_MSGSEND = YES;
				ENABLE_TESTABILITY = YES;
				GCC_C_LANGUAGE_STANDARD = gnu11;
				GCC_DYNAMIC_NO_PIC = NO;
				GCC_NO_COMMON_BLOCKS = YES;
				GCC_OPTIMIZATION_LEVEL = 0;
				GCC_PREPROCESSOR_DEFINITIONS = (
					"DEBUG=1",
					"$(inherited)",
				);
				GCC_WARN_64_TO_32_BIT_CONVERSION = YES;
				GCC_WARN_ABOUT_RETURN_TYPE = YES_ERROR;
				GCC_WARN_UNDECLARED_SELECTOR = YES;
				GCC_WARN_UNINITIALIZED_AUTOS = YES_AGGRESSIVE;
				GCC_WARN_UNUSED_FUNCTION = YES;
				GCC_WARN_UNUSED_VARIABLE = YES;
				IPHONEOS_DEPLOYMENT_TARGET = 16.2;
				MTL_ENABLE_DEBUG_INFO = INCLUDE_SOURCE;
				MTL_FAST_MATH = YES;
				ONLY_ACTIVE_ARCH = YES;
				SDKROOT = iphoneos;
				SWIFT_ACTIVE_COMPILATION_CONDITIONS = DEBUG;
				SWIFT_OPTIMIZATION_LEVEL = "-Onone";
			};
			name = Debug;
		};
		30FB5E0A29A7E20B00020C9A /* Release */ = {
			isa = XCBuildConfiguration;
			buildSettings = {
				ALWAYS_SEARCH_USER_PATHS = NO;
				CLANG_ANALYZER_NONNULL = YES;
				CLANG_ANALYZER_NUMBER_OBJECT_CONVERSION = YES_AGGRESSIVE;
				CLANG_CXX_LANGUAGE_STANDARD = "gnu++20";
				CLANG_ENABLE_MODULES = YES;
				CLANG_ENABLE_OBJC_ARC = YES;
				CLANG_ENABLE_OBJC_WEAK = YES;
				CLANG_WARN_BLOCK_CAPTURE_AUTORELEASING = YES;
				CLANG_WARN_BOOL_CONVERSION = YES;
				CLANG_WARN_COMMA = YES;
				CLANG_WARN_CONSTANT_CONVERSION = YES;
				CLANG_WARN_DEPRECATED_OBJC_IMPLEMENTATIONS = YES;
				CLANG_WARN_DIRECT_OBJC_ISA_USAGE = YES_ERROR;
				CLANG_WARN_DOCUMENTATION_COMMENTS = YES;
				CLANG_WARN_EMPTY_BODY = YES;
				CLANG_WARN_ENUM_CONVERSION = YES;
				CLANG_WARN_INFINITE_RECURSION = YES;
				CLANG_WARN_INT_CONVERSION = YES;
				CLANG_WARN_NON_LITERAL_NULL_CONVERSION = YES;
				CLANG_WARN_OBJC_IMPLICIT_RETAIN_SELF = YES;
				CLANG_WARN_OBJC_LITERAL_CONVERSION = YES;
				CLANG_WARN_OBJC_ROOT_CLASS = YES_ERROR;
				CLANG_WARN_QUOTED_INCLUDE_IN_FRAMEWORK_HEADER = YES;
				CLANG_WARN_RANGE_LOOP_ANALYSIS = YES;
				CLANG_WARN_STRICT_PROTOTYPES = YES;
				CLANG_WARN_SUSPICIOUS_MOVE = YES;
				CLANG_WARN_UNGUARDED_AVAILABILITY = YES_AGGRESSIVE;
				CLANG_WARN_UNREACHABLE_CODE = YES;
				CLANG_WARN__DUPLICATE_METHOD_MATCH = YES;
				COPY_PHASE_STRIP = NO;
				DEBUG_INFORMATION_FORMAT = "dwarf-with-dsym";
				ENABLE_NS_ASSERTIONS = NO;
				ENABLE_STRICT_OBJC_MSGSEND = YES;
				GCC_C_LANGUAGE_STANDARD = gnu11;
				GCC_NO_COMMON_BLOCKS = YES;
				GCC_WARN_64_TO_32_BIT_CONVERSION = YES;
				GCC_WARN_ABOUT_RETURN_TYPE = YES_ERROR;
				GCC_WARN_UNDECLARED_SELECTOR = YES;
				GCC_WARN_UNINITIALIZED_AUTOS = YES_AGGRESSIVE;
				GCC_WARN_UNUSED_FUNCTION = YES;
				GCC_WARN_UNUSED_VARIABLE = YES;
				IPHONEOS_DEPLOYMENT_TARGET = 16.2;
				MTL_ENABLE_DEBUG_INFO = NO;
				MTL_FAST_MATH = YES;
				SDKROOT = iphoneos;
				SWIFT_COMPILATION_MODE = wholemodule;
				SWIFT_OPTIMIZATION_LEVEL = "-O";
				VALIDATE_PRODUCT = YES;
			};
			name = Release;
		};
		30FB5E0C29A7E20B00020C9A /* Debug */ = {
			isa = XCBuildConfiguration;
			buildSettings = {
				ASSETCATALOG_COMPILER_APPICON_NAME = AppIcon;
				ASSETCATALOG_COMPILER_GLOBAL_ACCENT_COLOR_NAME = AccentColor;
				CODE_SIGN_ENTITLEMENTS = SwearBy/SwearBy.entitlements;
				CODE_SIGN_STYLE = Automatic;
				CURRENT_PROJECT_VERSION = 1;
				DEVELOPMENT_ASSET_PATHS = "\"SwearBy/Preview Content\"";
				DEVELOPMENT_TEAM = F6HF4R7G4W;
				ENABLE_PREVIEWS = YES;
				GENERATE_INFOPLIST_FILE = YES;
				INFOPLIST_FILE = SwearBy/Info.plist;
				INFOPLIST_KEY_UIApplicationSceneManifest_Generation = YES;
				INFOPLIST_KEY_UIApplicationSupportsIndirectInputEvents = YES;
				INFOPLIST_KEY_UILaunchScreen_Generation = YES;
				INFOPLIST_KEY_UISupportedInterfaceOrientations_iPad = "UIInterfaceOrientationPortrait UIInterfaceOrientationPortraitUpsideDown UIInterfaceOrientationLandscapeLeft UIInterfaceOrientationLandscapeRight";
				INFOPLIST_KEY_UISupportedInterfaceOrientations_iPhone = "UIInterfaceOrientationPortrait UIInterfaceOrientationLandscapeLeft UIInterfaceOrientationLandscapeRight";
				LD_RUNPATH_SEARCH_PATHS = (
					"$(inherited)",
					"@executable_path/Frameworks",
				);
				MARKETING_VERSION = 1.0;
				PRODUCT_BUNDLE_IDENTIFIER = UncommonInc.SwearBy;
				PRODUCT_NAME = "$(TARGET_NAME)";
				SWIFT_EMIT_LOC_STRINGS = YES;
				SWIFT_VERSION = 5.0;
				TARGETED_DEVICE_FAMILY = "1,2";
			};
			name = Debug;
		};
		30FB5E0D29A7E20B00020C9A /* Release */ = {
			isa = XCBuildConfiguration;
			buildSettings = {
				ASSETCATALOG_COMPILER_APPICON_NAME = AppIcon;
				ASSETCATALOG_COMPILER_GLOBAL_ACCENT_COLOR_NAME = AccentColor;
				CODE_SIGN_ENTITLEMENTS = SwearBy/SwearBy.entitlements;
				CODE_SIGN_STYLE = Automatic;
				CURRENT_PROJECT_VERSION = 1;
				DEVELOPMENT_ASSET_PATHS = "\"SwearBy/Preview Content\"";
				DEVELOPMENT_TEAM = F6HF4R7G4W;
				ENABLE_PREVIEWS = YES;
				GENERATE_INFOPLIST_FILE = YES;
				INFOPLIST_FILE = SwearBy/Info.plist;
				INFOPLIST_KEY_UIApplicationSceneManifest_Generation = YES;
				INFOPLIST_KEY_UIApplicationSupportsIndirectInputEvents = YES;
				INFOPLIST_KEY_UILaunchScreen_Generation = YES;
				INFOPLIST_KEY_UISupportedInterfaceOrientations_iPad = "UIInterfaceOrientationPortrait UIInterfaceOrientationPortraitUpsideDown UIInterfaceOrientationLandscapeLeft UIInterfaceOrientationLandscapeRight";
				INFOPLIST_KEY_UISupportedInterfaceOrientations_iPhone = "UIInterfaceOrientationPortrait UIInterfaceOrientationLandscapeLeft UIInterfaceOrientationLandscapeRight";
				LD_RUNPATH_SEARCH_PATHS = (
					"$(inherited)",
					"@executable_path/Frameworks",
				);
				MARKETING_VERSION = 1.0;
				PRODUCT_BUNDLE_IDENTIFIER = UncommonInc.SwearBy;
				PRODUCT_NAME = "$(TARGET_NAME)";
				SWIFT_EMIT_LOC_STRINGS = YES;
				SWIFT_VERSION = 5.0;
				TARGETED_DEVICE_FAMILY = "1,2";
			};
			name = Release;
		};
		30FB5E0F29A7E20B00020C9A /* Debug */ = {
			isa = XCBuildConfiguration;
			buildSettings = {
				ALWAYS_EMBED_SWIFT_STANDARD_LIBRARIES = YES;
				BUNDLE_LOADER = "$(TEST_HOST)";
				CODE_SIGN_STYLE = Automatic;
				CURRENT_PROJECT_VERSION = 1;
				DEVELOPMENT_TEAM = F6HF4R7G4W;
				GENERATE_INFOPLIST_FILE = YES;
				IPHONEOS_DEPLOYMENT_TARGET = 16.2;
				MARKETING_VERSION = 1.0;
				PRODUCT_BUNDLE_IDENTIFIER = UncommonInc.SwearByTests;
				PRODUCT_NAME = "$(TARGET_NAME)";
				SWIFT_EMIT_LOC_STRINGS = NO;
				SWIFT_VERSION = 5.0;
				TARGETED_DEVICE_FAMILY = "1,2";
				TEST_HOST = "$(BUILT_PRODUCTS_DIR)/SwearBy.app/$(BUNDLE_EXECUTABLE_FOLDER_PATH)/SwearBy";
			};
			name = Debug;
		};
		30FB5E1029A7E20B00020C9A /* Release */ = {
			isa = XCBuildConfiguration;
			buildSettings = {
				ALWAYS_EMBED_SWIFT_STANDARD_LIBRARIES = YES;
				BUNDLE_LOADER = "$(TEST_HOST)";
				CODE_SIGN_STYLE = Automatic;
				CURRENT_PROJECT_VERSION = 1;
				DEVELOPMENT_TEAM = F6HF4R7G4W;
				GENERATE_INFOPLIST_FILE = YES;
				IPHONEOS_DEPLOYMENT_TARGET = 16.2;
				MARKETING_VERSION = 1.0;
				PRODUCT_BUNDLE_IDENTIFIER = UncommonInc.SwearByTests;
				PRODUCT_NAME = "$(TARGET_NAME)";
				SWIFT_EMIT_LOC_STRINGS = NO;
				SWIFT_VERSION = 5.0;
				TARGETED_DEVICE_FAMILY = "1,2";
				TEST_HOST = "$(BUILT_PRODUCTS_DIR)/SwearBy.app/$(BUNDLE_EXECUTABLE_FOLDER_PATH)/SwearBy";
			};
			name = Release;
		};
		30FB5E1229A7E20B00020C9A /* Debug */ = {
			isa = XCBuildConfiguration;
			buildSettings = {
				ALWAYS_EMBED_SWIFT_STANDARD_LIBRARIES = YES;
				CODE_SIGN_STYLE = Automatic;
				CURRENT_PROJECT_VERSION = 1;
				DEVELOPMENT_TEAM = F6HF4R7G4W;
				GENERATE_INFOPLIST_FILE = YES;
				MARKETING_VERSION = 1.0;
				PRODUCT_BUNDLE_IDENTIFIER = UncommonInc.SwearByUITests;
				PRODUCT_NAME = "$(TARGET_NAME)";
				SWIFT_EMIT_LOC_STRINGS = NO;
				SWIFT_VERSION = 5.0;
				TARGETED_DEVICE_FAMILY = "1,2";
				TEST_TARGET_NAME = SwearBy;
			};
			name = Debug;
		};
		30FB5E1329A7E20B00020C9A /* Release */ = {
			isa = XCBuildConfiguration;
			buildSettings = {
				ALWAYS_EMBED_SWIFT_STANDARD_LIBRARIES = YES;
				CODE_SIGN_STYLE = Automatic;
				CURRENT_PROJECT_VERSION = 1;
				DEVELOPMENT_TEAM = F6HF4R7G4W;
				GENERATE_INFOPLIST_FILE = YES;
				MARKETING_VERSION = 1.0;
				PRODUCT_BUNDLE_IDENTIFIER = UncommonInc.SwearByUITests;
				PRODUCT_NAME = "$(TARGET_NAME)";
				SWIFT_EMIT_LOC_STRINGS = NO;
				SWIFT_VERSION = 5.0;
				TARGETED_DEVICE_FAMILY = "1,2";
				TEST_TARGET_NAME = SwearBy;
			};
			name = Release;
		};
/* End XCBuildConfiguration section */

/* Begin XCConfigurationList section */
		30FB5DE229A7E20900020C9A /* Build configuration list for PBXProject "SwearBy" */ = {
			isa = XCConfigurationList;
			buildConfigurations = (
				30FB5E0929A7E20B00020C9A /* Debug */,
				30FB5E0A29A7E20B00020C9A /* Release */,
			);
			defaultConfigurationIsVisible = 0;
			defaultConfigurationName = Release;
		};
		30FB5E0B29A7E20B00020C9A /* Build configuration list for PBXNativeTarget "SwearBy" */ = {
			isa = XCConfigurationList;
			buildConfigurations = (
				30FB5E0C29A7E20B00020C9A /* Debug */,
				30FB5E0D29A7E20B00020C9A /* Release */,
			);
			defaultConfigurationIsVisible = 0;
			defaultConfigurationName = Release;
		};
		30FB5E0E29A7E20B00020C9A /* Build configuration list for PBXNativeTarget "SwearByTests" */ = {
			isa = XCConfigurationList;
			buildConfigurations = (
				30FB5E0F29A7E20B00020C9A /* Debug */,
				30FB5E1029A7E20B00020C9A /* Release */,
			);
			defaultConfigurationIsVisible = 0;
			defaultConfigurationName = Release;
		};
		30FB5E1129A7E20B00020C9A /* Build configuration list for PBXNativeTarget "SwearByUITests" */ = {
			isa = XCConfigurationList;
			buildConfigurations = (
				30FB5E1229A7E20B00020C9A /* Debug */,
				30FB5E1329A7E20B00020C9A /* Release */,
			);
			defaultConfigurationIsVisible = 0;
			defaultConfigurationName = Release;
		};
/* End XCConfigurationList section */

/* Begin XCRemoteSwiftPackageReference section */
		30640C0529B316F900981D3C /* XCRemoteSwiftPackageReference "firebase-ios-sdk" */ = {
			isa = XCRemoteSwiftPackageReference;
			repositoryURL = "https://github.com/firebase/firebase-ios-sdk";
			requirement = {
				kind = upToNextMajorVersion;
				minimumVersion = 9.0.0;
			};
		};
		30FB5E1429A8582300020C9A /* XCRemoteSwiftPackageReference "SDWebImageSwiftUI" */ = {
			isa = XCRemoteSwiftPackageReference;
			repositoryURL = "https://github.com/SDWebImage/SDWebImageSwiftUI.git";
			requirement = {
				branch = master;
				kind = branch;
			};
		};
/* End XCRemoteSwiftPackageReference section */

/* Begin XCSwiftPackageProductDependency section */
		30640C0629B316F900981D3C /* FirebaseAnalytics */ = {
			isa = XCSwiftPackageProductDependency;
			package = 30640C0529B316F900981D3C /* XCRemoteSwiftPackageReference "firebase-ios-sdk" */;
			productName = FirebaseAnalytics;
		};
		30640C0829B316F900981D3C /* FirebaseAnalyticsOnDeviceConversion */ = {
			isa = XCSwiftPackageProductDependency;
			package = 30640C0529B316F900981D3C /* XCRemoteSwiftPackageReference "firebase-ios-sdk" */;
			productName = FirebaseAnalyticsOnDeviceConversion;
		};
		30640C0A29B316F900981D3C /* FirebaseAnalyticsSwift */ = {
			isa = XCSwiftPackageProductDependency;
			package = 30640C0529B316F900981D3C /* XCRemoteSwiftPackageReference "firebase-ios-sdk" */;
			productName = FirebaseAnalyticsSwift;
		};
		30640C0C29B316F900981D3C /* FirebaseAnalyticsWithoutAdIdSupport */ = {
			isa = XCSwiftPackageProductDependency;
			package = 30640C0529B316F900981D3C /* XCRemoteSwiftPackageReference "firebase-ios-sdk" */;
			productName = FirebaseAnalyticsWithoutAdIdSupport;
		};
		30640C0E29B316F900981D3C /* FirebaseAppCheck */ = {
			isa = XCSwiftPackageProductDependency;
			package = 30640C0529B316F900981D3C /* XCRemoteSwiftPackageReference "firebase-ios-sdk" */;
			productName = FirebaseAppCheck;
		};
		30640C1029B316F900981D3C /* FirebaseAppDistribution-Beta */ = {
			isa = XCSwiftPackageProductDependency;
			package = 30640C0529B316F900981D3C /* XCRemoteSwiftPackageReference "firebase-ios-sdk" */;
			productName = "FirebaseAppDistribution-Beta";
		};
		30640C1229B316F900981D3C /* FirebaseAuth */ = {
			isa = XCSwiftPackageProductDependency;
			package = 30640C0529B316F900981D3C /* XCRemoteSwiftPackageReference "firebase-ios-sdk" */;
			productName = FirebaseAuth;
		};
		30640C1429B316F900981D3C /* FirebaseAuthCombine-Community */ = {
			isa = XCSwiftPackageProductDependency;
			package = 30640C0529B316F900981D3C /* XCRemoteSwiftPackageReference "firebase-ios-sdk" */;
			productName = "FirebaseAuthCombine-Community";
		};
		30640C1629B316F900981D3C /* FirebaseCrashlytics */ = {
			isa = XCSwiftPackageProductDependency;
			package = 30640C0529B316F900981D3C /* XCRemoteSwiftPackageReference "firebase-ios-sdk" */;
			productName = FirebaseCrashlytics;
		};
		30640C1829B316F900981D3C /* FirebaseDynamicLinks */ = {
			isa = XCSwiftPackageProductDependency;
			package = 30640C0529B316F900981D3C /* XCRemoteSwiftPackageReference "firebase-ios-sdk" */;
			productName = FirebaseDynamicLinks;
		};
		30640C1A29B316F900981D3C /* FirebaseFirestore */ = {
			isa = XCSwiftPackageProductDependency;
			package = 30640C0529B316F900981D3C /* XCRemoteSwiftPackageReference "firebase-ios-sdk" */;
			productName = FirebaseFirestore;
		};
		30640C1C29B316F900981D3C /* FirebaseFirestoreCombine-Community */ = {
			isa = XCSwiftPackageProductDependency;
			package = 30640C0529B316F900981D3C /* XCRemoteSwiftPackageReference "firebase-ios-sdk" */;
			productName = "FirebaseFirestoreCombine-Community";
		};
		30640C1E29B316F900981D3C /* FirebaseFirestoreSwift */ = {
			isa = XCSwiftPackageProductDependency;
			package = 30640C0529B316F900981D3C /* XCRemoteSwiftPackageReference "firebase-ios-sdk" */;
			productName = FirebaseFirestoreSwift;
		};
		30640C2029B316F900981D3C /* FirebaseFunctions */ = {
			isa = XCSwiftPackageProductDependency;
			package = 30640C0529B316F900981D3C /* XCRemoteSwiftPackageReference "firebase-ios-sdk" */;
			productName = FirebaseFunctions;
		};
		30640C2229B316F900981D3C /* FirebaseFunctionsCombine-Community */ = {
			isa = XCSwiftPackageProductDependency;
			package = 30640C0529B316F900981D3C /* XCRemoteSwiftPackageReference "firebase-ios-sdk" */;
			productName = "FirebaseFunctionsCombine-Community";
		};
		30640C2429B316F900981D3C /* FirebaseInAppMessaging-Beta */ = {
			isa = XCSwiftPackageProductDependency;
			package = 30640C0529B316F900981D3C /* XCRemoteSwiftPackageReference "firebase-ios-sdk" */;
			productName = "FirebaseInAppMessaging-Beta";
		};
		30640C2629B316F900981D3C /* FirebaseInAppMessagingSwift-Beta */ = {
			isa = XCSwiftPackageProductDependency;
			package = 30640C0529B316F900981D3C /* XCRemoteSwiftPackageReference "firebase-ios-sdk" */;
			productName = "FirebaseInAppMessagingSwift-Beta";
		};
		30640C2829B316F900981D3C /* FirebaseInstallations */ = {
			isa = XCSwiftPackageProductDependency;
			package = 30640C0529B316F900981D3C /* XCRemoteSwiftPackageReference "firebase-ios-sdk" */;
			productName = FirebaseInstallations;
		};
		30640C2A29B316F900981D3C /* FirebaseMessaging */ = {
			isa = XCSwiftPackageProductDependency;
			package = 30640C0529B316F900981D3C /* XCRemoteSwiftPackageReference "firebase-ios-sdk" */;
			productName = FirebaseMessaging;
		};
		30640C2C29B316F900981D3C /* FirebasePerformance */ = {
			isa = XCSwiftPackageProductDependency;
			package = 30640C0529B316F900981D3C /* XCRemoteSwiftPackageReference "firebase-ios-sdk" */;
			productName = FirebasePerformance;
		};
		30640C2E29B316F900981D3C /* FirebaseRemoteConfig */ = {
			isa = XCSwiftPackageProductDependency;
			package = 30640C0529B316F900981D3C /* XCRemoteSwiftPackageReference "firebase-ios-sdk" */;
			productName = FirebaseRemoteConfig;
		};
		30640C3029B316F900981D3C /* FirebaseRemoteConfigSwift */ = {
			isa = XCSwiftPackageProductDependency;
			package = 30640C0529B316F900981D3C /* XCRemoteSwiftPackageReference "firebase-ios-sdk" */;
			productName = FirebaseRemoteConfigSwift;
		};
		30640C3229B316F900981D3C /* FirebaseStorage */ = {
			isa = XCSwiftPackageProductDependency;
			package = 30640C0529B316F900981D3C /* XCRemoteSwiftPackageReference "firebase-ios-sdk" */;
			productName = FirebaseStorage;
		};
		30640C3429B316F900981D3C /* FirebaseStorageCombine-Community */ = {
			isa = XCSwiftPackageProductDependency;
			package = 30640C0529B316F900981D3C /* XCRemoteSwiftPackageReference "firebase-ios-sdk" */;
			productName = "FirebaseStorageCombine-Community";
		};
		30FB5E1529A8582300020C9A /* SDWebImageSwiftUI */ = {
			isa = XCSwiftPackageProductDependency;
			package = 30FB5E1429A8582300020C9A /* XCRemoteSwiftPackageReference "SDWebImageSwiftUI" */;
			productName = SDWebImageSwiftUI;
		};
/* End XCSwiftPackageProductDependency section */
	};
	rootObject = 30FB5DDF29A7E20900020C9A /* Project object */;
}
